// !$*UTF8*$!
{
	archiveVersion = 1;
	classes = {
	};
	objectVersion = 55;
	objects = {

/* Begin PBXBuildFile section */
		92287BBB280ED10B0025E1CA /* AppDelegate.swift in Sources */ = {isa = PBXBuildFile; fileRef = 92287BBA280ED10B0025E1CA /* AppDelegate.swift */; };
		92287BBD280ED10B0025E1CA /* SceneDelegate.swift in Sources */ = {isa = PBXBuildFile; fileRef = 92287BBC280ED10B0025E1CA /* SceneDelegate.swift */; };
		92287BBF280ED10B0025E1CA /* ViewController.swift in Sources */ = {isa = PBXBuildFile; fileRef = 92287BBE280ED10B0025E1CA /* ViewController.swift */; };
		92287BC2280ED10B0025E1CA /* Main.storyboard in Resources */ = {isa = PBXBuildFile; fileRef = 92287BC0280ED10B0025E1CA /* Main.storyboard */; };
		92287BC4280ED10C0025E1CA /* Assets.xcassets in Resources */ = {isa = PBXBuildFile; fileRef = 92287BC3280ED10C0025E1CA /* Assets.xcassets */; };
		92287BC7280ED10C0025E1CA /* LaunchScreen.storyboard in Resources */ = {isa = PBXBuildFile; fileRef = 92287BC5280ED10C0025E1CA /* LaunchScreen.storyboard */; };
		92FCFC2028100E72002C246D /* CalculatorModel.swift in Sources */ = {isa = PBXBuildFile; fileRef = 92FCFC1F28100E72002C246D /* CalculatorModel.swift */; };
/* End PBXBuildFile section */

/* Begin PBXFileReference section */
		92287BB7280ED10B0025E1CA /* TMS_Diploma_Project_Calculator.app */ = {isa = PBXFileReference; explicitFileType = wrapper.application; includeInIndex = 0; path = TMS_Diploma_Project_Calculator.app; sourceTree = BUILT_PRODUCTS_DIR; };
		92287BBA280ED10B0025E1CA /* AppDelegate.swift */ = {isa = PBXFileReference; lastKnownFileType = sourcecode.swift; path = AppDelegate.swift; sourceTree = "<group>"; };
		92287BBC280ED10B0025E1CA /* SceneDelegate.swift */ = {isa = PBXFileReference; lastKnownFileType = sourcecode.swift; path = SceneDelegate.swift; sourceTree = "<group>"; };
		92287BBE280ED10B0025E1CA /* ViewController.swift */ = {isa = PBXFileReference; lastKnownFileType = sourcecode.swift; path = ViewController.swift; sourceTree = "<group>"; };
		92287BC1280ED10B0025E1CA /* Base */ = {isa = PBXFileReference; lastKnownFileType = file.storyboard; name = Base; path = Base.lproj/Main.storyboard; sourceTree = "<group>"; };
		92287BC3280ED10C0025E1CA /* Assets.xcassets */ = {isa = PBXFileReference; lastKnownFileType = folder.assetcatalog; path = Assets.xcassets; sourceTree = "<group>"; };
		92287BC6280ED10C0025E1CA /* Base */ = {isa = PBXFileReference; lastKnownFileType = file.storyboard; name = Base; path = Base.lproj/LaunchScreen.storyboard; sourceTree = "<group>"; };
		92287BC8280ED10C0025E1CA /* Info.plist */ = {isa = PBXFileReference; lastKnownFileType = text.plist.xml; path = Info.plist; sourceTree = "<group>"; };
		92FCFC1F28100E72002C246D /* CalculatorModel.swift */ = {isa = PBXFileReference; lastKnownFileType = sourcecode.swift; path = CalculatorModel.swift; sourceTree = "<group>"; };
/* End PBXFileReference section */

/* Begin PBXFrameworksBuildPhase section */
		92287BB4280ED10B0025E1CA /* Frameworks */ = {
			isa = PBXFrameworksBuildPhase;
			buildActionMask = 2147483647;
			files = (
			);
			runOnlyForDeploymentPostprocessing = 0;
		};
/* End PBXFrameworksBuildPhase section */

/* Begin PBXGroup section */
		92287BAE280ED10B0025E1CA = {
			isa = PBXGroup;
			children = (
				92287BB9280ED10B0025E1CA /* TMS_Diploma_Project_Calculator */,
				92287BB8280ED10B0025E1CA /* Products */,
			);
			sourceTree = "<group>";
		};
		92287BB8280ED10B0025E1CA /* Products */ = {
			isa = PBXGroup;
			children = (
				92287BB7280ED10B0025E1CA /* TMS_Diploma_Project_Calculator.app */,
			);
			name = Products;
			sourceTree = "<group>";
		};
		92287BB9280ED10B0025E1CA /* TMS_Diploma_Project_Calculator */ = {
			isa = PBXGroup;
			children = (
				92287BBA280ED10B0025E1CA /* AppDelegate.swift */,
				92287BBC280ED10B0025E1CA /* SceneDelegate.swift */,
				92FCFC2128100F71002C246D /* Model */,
				92FCFC2328100F8E002C246D /* View */,
				92FCFC2228100F85002C246D /* Controller */,
				92287BC3280ED10C0025E1CA /* Assets.xcassets */,
				92287BC5280ED10C0025E1CA /* LaunchScreen.storyboard */,
				92287BC8280ED10C0025E1CA /* Info.plist */,
			);
			path = TMS_Diploma_Project_Calculator;
			sourceTree = "<group>";
		};
		92FCFC2128100F71002C246D /* Model */ = {
			isa = PBXGroup;
			children = (
				92FCFC1F28100E72002C246D /* CalculatorModel.swift */,
			);
			path = Model;
			sourceTree = "<group>";
		};
		92FCFC2228100F85002C246D /* Controller */ = {
			isa = PBXGroup;
			children = (
				92287BBE280ED10B0025E1CA /* ViewController.swift */,
			);
			path = Controller;
			sourceTree = "<group>";
		};
		92FCFC2328100F8E002C246D /* View */ = {
			isa = PBXGroup;
			children = (
				92287BC0280ED10B0025E1CA /* Main.storyboard */,
			);
			path = View;
			sourceTree = "<group>";
		};
/* End PBXGroup section */

/* Begin PBXNativeTarget section */
		92287BB6280ED10B0025E1CA /* TMS_Diploma_Project_Calculator */ = {
			isa = PBXNativeTarget;
			buildConfigurationList = 92287BCB280ED10C0025E1CA /* Build configuration list for PBXNativeTarget "TMS_Diploma_Project_Calculator" */;
			buildPhases = (
				92287BB3280ED10B0025E1CA /* Sources */,
				92287BB4280ED10B0025E1CA /* Frameworks */,
				92287BB5280ED10B0025E1CA /* Resources */,
			);
			buildRules = (
			);
			dependencies = (
			);
			name = TMS_Diploma_Project_Calculator;
			productName = TMS_Diploma_Project_Calculator;
			productReference = 92287BB7280ED10B0025E1CA /* TMS_Diploma_Project_Calculator.app */;
			productType = "com.apple.product-type.application";
		};
/* End PBXNativeTarget section */

/* Begin PBXProject section */
		92287BAF280ED10B0025E1CA /* Project object */ = {
			isa = PBXProject;
			attributes = {
				BuildIndependentTargetsInParallel = 1;
				LastSwiftUpdateCheck = 1330;
				LastUpgradeCheck = 1330;
				TargetAttributes = {
					92287BB6280ED10B0025E1CA = {
						CreatedOnToolsVersion = 13.3.1;
					};
				};
			};
			buildConfigurationList = 92287BB2280ED10B0025E1CA /* Build configuration list for PBXProject "TMS_Diploma_Project_Calculator" */;
			compatibilityVersion = "Xcode 13.0";
			developmentRegion = en;
			hasScannedForEncodings = 0;
			knownRegions = (
				en,
				Base,
			);
			mainGroup = 92287BAE280ED10B0025E1CA;
			productRefGroup = 92287BB8280ED10B0025E1CA /* Products */;
			projectDirPath = "";
			projectRoot = "";
			targets = (
				92287BB6280ED10B0025E1CA /* TMS_Diploma_Project_Calculator */,
			);
		};
/* End PBXProject section */

/* Begin PBXResourcesBuildPhase section */
		92287BB5280ED10B0025E1CA /* Resources */ = {
			isa = PBXResourcesBuildPhase;
			buildActionMask = 2147483647;
			files = (
				92287BC7280ED10C0025E1CA /* LaunchScreen.storyboard in Resources */,
				92287BC4280ED10C0025E1CA /* Assets.xcassets in Resources */,
				92287BC2280ED10B0025E1CA /* Main.storyboard in Resources */,
			);
			runOnlyForDeploymentPostprocessing = 0;
		};
/* End PBXResourcesBuildPhase section */

/* Begin PBXSourcesBuildPhase section */
		92287BB3280ED10B0025E1CA /* Sources */ = {
			isa = PBXSourcesBuildPhase;
			buildActionMask = 2147483647;
			files = (
				92287BBF280ED10B0025E1CA /* ViewController.swift in Sources */,
				92287BBB280ED10B0025E1CA /* AppDelegate.swift in Sources */,
				92287BBD280ED10B0025E1CA /* SceneDelegate.swift in Sources */,
				92FCFC2028100E72002C246D /* CalculatorModel.swift in Sources */,
			);
			runOnlyForDeploymentPostprocessing = 0;
		};
/* End PBXSourcesBuildPhase section */

/* Begin PBXVariantGroup section */
		92287BC0280ED10B0025E1CA /* Main.storyboard */ = {
			isa = PBXVariantGroup;
			children = (
				92287BC1280ED10B0025E1CA /* Base */,
			);
			name = Main.storyboard;
			sourceTree = "<group>";
		};
		92287BC5280ED10C0025E1CA /* LaunchScreen.storyboard */ = {
			isa = PBXVariantGroup;
			children = (
				92287BC6280ED10C0025E1CA /* Base */,
			);
			name = LaunchScreen.storyboard;
			sourceTree = "<group>";
		};
/* End PBXVariantGroup section */

/* Begin XCBuildConfiguration section */
		92287BC9280ED10C0025E1CA /* Debug */ = {
			isa = XCBuildConfiguration;
			buildSettings = {
				ALWAYS_SEARCH_USER_PATHS = NO;
				CLANG_ANALYZER_NONNULL = YES;
				CLANG_ANALYZER_NUMBER_OBJECT_CONVERSION = YES_AGGRESSIVE;
				CLANG_CXX_LANGUAGE_STANDARD = "gnu++17";
				CLANG_ENABLE_MODULES = YES;
				CLANG_ENABLE_OBJC_ARC = YES;
				CLANG_ENABLE_OBJC_WEAK = YES;
				CLANG_WARN_BLOCK_CAPTURE_AUTORELEASING = YES;
				CLANG_WARN_BOOL_CONVERSION = YES;
				CLANG_WARN_COMMA = YES;
				CLANG_WARN_CONSTANT_CONVERSION = YES;
				CLANG_WARN_DEPRECATED_OBJC_IMPLEMENTATIONS = YES;
				CLANG_WARN_DIRECT_OBJC_ISA_USAGE = YES_ERROR;
				CLANG_WARN_DOCUMENTATION_COMMENTS = YES;
				CLANG_WARN_EMPTY_BODY = YES;
				CLANG_WARN_ENUM_CONVERSION = YES;
				CLANG_WARN_INFINITE_RECURSION = YES;
				CLANG_WARN_INT_CONVERSION = YES;
				CLANG_WARN_NON_LITERAL_NULL_CONVERSION = YES;
				CLANG_WARN_OBJC_IMPLICIT_RETAIN_SELF = YES;
				CLANG_WARN_OBJC_LITERAL_CONVERSION = YES;
				CLANG_WARN_OBJC_ROOT_CLASS = YES_ERROR;
				CLANG_WARN_QUOTED_INCLUDE_IN_FRAMEWORK_HEADER = YES;
				CLANG_WARN_RANGE_LOOP_ANALYSIS = YES;
				CLANG_WARN_STRICT_PROTOTYPES = YES;
				CLANG_WARN_SUSPICIOUS_MOVE = YES;
				CLANG_WARN_UNGUARDED_AVAILABILITY = YES_AGGRESSIVE;
				CLANG_WARN_UNREACHABLE_CODE = YES;
				CLANG_WARN__DUPLICATE_METHOD_MATCH = YES;
				COPY_PHASE_STRIP = NO;
				DEBUG_INFORMATION_FORMAT = dwarf;
				ENABLE_STRICT_OBJC_MSGSEND = YES;
				ENABLE_TESTABILITY = YES;
				GCC_C_LANGUAGE_STANDARD = gnu11;
				GCC_DYNAMIC_NO_PIC = NO;
				GCC_NO_COMMON_BLOCKS = YES;
				GCC_OPTIMIZATION_LEVEL = 0;
				GCC_PREPROCESSOR_DEFINITIONS = (
					"DEBUG=1",
					"$(inherited)",
				);
				GCC_WARN_64_TO_32_BIT_CONVERSION = YES;
				GCC_WARN_ABOUT_RETURN_TYPE = YES_ERROR;
				GCC_WARN_UNDECLARED_SELECTOR = YES;
				GCC_WARN_UNINITIALIZED_AUTOS = YES_AGGRESSIVE;
				GCC_WARN_UNUSED_FUNCTION = YES;
				GCC_WARN_UNUSED_VARIABLE = YES;
				IPHONEOS_DEPLOYMENT_TARGET = 15.4;
				MTL_ENABLE_DEBUG_INFO = INCLUDE_SOURCE;
				MTL_FAST_MATH = YES;
				ONLY_ACTIVE_ARCH = YES;
				SDKROOT = iphoneos;
				SWIFT_ACTIVE_COMPILATION_CONDITIONS = DEBUG;
				SWIFT_OPTIMIZATION_LEVEL = "-Onone";
			};
			name = Debug;
		};
		92287BCA280ED10C0025E1CA /* Release */ = {
			isa = XCBuildConfiguration;
			buildSettings = {
				ALWAYS_SEARCH_USER_PATHS = NO;
				CLANG_ANALYZER_NONNULL = YES;
				CLANG_ANALYZER_NUMBER_OBJECT_CONVERSION = YES_AGGRESSIVE;
				CLANG_CXX_LANGUAGE_STANDARD = "gnu++17";
				CLANG_ENABLE_MODULES = YES;
				CLANG_ENABLE_OBJC_ARC = YES;
				CLANG_ENABLE_OBJC_WEAK = YES;
				CLANG_WARN_BLOCK_CAPTURE_AUTORELEASING = YES;
				CLANG_WARN_BOOL_CONVERSION = YES;
				CLANG_WARN_COMMA = YES;
				CLANG_WARN_CONSTANT_CONVERSION = YES;
				CLANG_WARN_DEPRECATED_OBJC_IMPLEMENTATIONS = YES;
				CLANG_WARN_DIRECT_OBJC_ISA_USAGE = YES_ERROR;
				CLANG_WARN_DOCUMENTATION_COMMENTS = YES;
				CLANG_WARN_EMPTY_BODY = YES;
				CLANG_WARN_ENUM_CONVERSION = YES;
				CLANG_WARN_INFINITE_RECURSION = YES;
				CLANG_WARN_INT_CONVERSION = YES;
				CLANG_WARN_NON_LITERAL_NULL_CONVERSION = YES;
				CLANG_WARN_OBJC_IMPLICIT_RETAIN_SELF = YES;
				CLANG_WARN_OBJC_LITERAL_CONVERSION = YES;
				CLANG_WARN_OBJC_ROOT_CLASS = YES_ERROR;
				CLANG_WARN_QUOTED_INCLUDE_IN_FRAMEWORK_HEADER = YES;
				CLANG_WARN_RANGE_LOOP_ANALYSIS = YES;
				CLANG_WARN_STRICT_PROTOTYPES = YES;
				CLANG_WARN_SUSPICIOUS_MOVE = YES;
				CLANG_WARN_UNGUARDED_AVAILABILITY = YES_AGGRESSIVE;
				CLANG_WARN_UNREACHABLE_CODE = YES;
				CLANG_WARN__DUPLICATE_METHOD_MATCH = YES;
				COPY_PHASE_STRIP = NO;
				DEBUG_INFORMATION_FORMAT = "dwarf-with-dsym";
				ENABLE_NS_ASSERTIONS = NO;
				ENABLE_STRICT_OBJC_MSGSEND = YES;
				GCC_C_LANGUAGE_STANDARD = gnu11;
				GCC_NO_COMMON_BLOCKS = YES;
				GCC_WARN_64_TO_32_BIT_CONVERSION = YES;
				GCC_WARN_ABOUT_RETURN_TYPE = YES_ERROR;
				GCC_WARN_UNDECLARED_SELECTOR = YES;
				GCC_WARN_UNINITIALIZED_AUTOS = YES_AGGRESSIVE;
				GCC_WARN_UNUSED_FUNCTION = YES;
				GCC_WARN_UNUSED_VARIABLE = YES;
				IPHONEOS_DEPLOYMENT_TARGET = 15.4;
				MTL_ENABLE_DEBUG_INFO = NO;
				MTL_FAST_MATH = YES;
				SDKROOT = iphoneos;
				SWIFT_COMPILATION_MODE = wholemodule;
				SWIFT_OPTIMIZATION_LEVEL = "-O";
				VALIDATE_PRODUCT = YES;
			};
			name = Release;
		};
		92287BCC280ED10C0025E1CA /* Debug */ = {
			isa = XCBuildConfiguration;
			buildSettings = {
				ASSETCATALOG_COMPILER_APPICON_NAME = AppIcon;
				ASSETCATALOG_COMPILER_GLOBAL_ACCENT_COLOR_NAME = AccentColor;
				CODE_SIGN_STYLE = Automatic;
				CURRENT_PROJECT_VERSION = 1;
				DEVELOPMENT_TEAM = WH63P6BP7N;
				GENERATE_INFOPLIST_FILE = YES;
				INFOPLIST_FILE = TMS_Diploma_Project_Calculator/Info.plist;
				INFOPLIST_KEY_UIApplicationSupportsIndirectInputEvents = YES;
				INFOPLIST_KEY_UILaunchStoryboardName = LaunchScreen;
				INFOPLIST_KEY_UIMainStoryboardFile = Main;
				INFOPLIST_KEY_UISupportedInterfaceOrientations_iPad = "UIInterfaceOrientationPortrait UIInterfaceOrientationPortraitUpsideDown UIInterfaceOrientationLandscapeLeft UIInterfaceOrientationLandscapeRight";
				INFOPLIST_KEY_UISupportedInterfaceOrientations_iPhone = "UIInterfaceOrientationPortrait UIInterfaceOrientationLandscapeLeft UIInterfaceOrientationLandscapeRight";
				LD_RUNPATH_SEARCH_PATHS = (
					"$(inherited)",
					"@executable_path/Frameworks",
				);
				MARKETING_VERSION = 1.0;
				PRODUCT_BUNDLE_IDENTIFIER = "ru.yandex.fishkorn.TMS-Diploma-Project-Calculator";
				PRODUCT_NAME = "$(TARGET_NAME)";
				SWIFT_EMIT_LOC_STRINGS = YES;
				SWIFT_VERSION = 5.0;
				TARGETED_DEVICE_FAMILY = "1,2";
			};
			name = Debug;
		};
		92287BCD280ED10C0025E1CA /* Release */ = {
			isa = XCBuildConfiguration;
			buildSettings = {
				ASSETCATALOG_COMPILER_APPICON_NAME = AppIcon;
				ASSETCATALOG_COMPILER_GLOBAL_ACCENT_COLOR_NAME = AccentColor;
				CODE_SIGN_STYLE = Automatic;
				CURRENT_PROJECT_VERSION = 1;
				DEVELOPMENT_TEAM = WH63P6BP7N;
				GENERATE_INFOPLIST_FILE = YES;
				INFOPLIST_FILE = TMS_Diploma_Project_Calculator/Info.plist;
				INFOPLIST_KEY_UIApplicationSupportsIndirectInputEvents = YES;
				INFOPLIST_KEY_UILaunchStoryboardName = LaunchScreen;
				INFOPLIST_KEY_UIMainStoryboardFile = Main;
				INFOPLIST_KEY_UISupportedInterfaceOrientations_iPad = "UIInterfaceOrientationPortrait UIInterfaceOrientationPortraitUpsideDown UIInterfaceOrientationLandscapeLeft UIInterfaceOrientationLandscapeRight";
				INFOPLIST_KEY_UISupportedInterfaceOrientations_iPhone = "UIInterfaceOrientationPortrait UIInterfaceOrientationLandscapeLeft UIInterfaceOrientationLandscapeRight";
				LD_RUNPATH_SEARCH_PATHS = (
					"$(inherited)",
					"@executable_path/Frameworks",
				);
				MARKETING_VERSION = 1.0;
				PRODUCT_BUNDLE_IDENTIFIER = "ru.yandex.fishkorn.TMS-Diploma-Project-Calculator";
				PRODUCT_NAME = "$(TARGET_NAME)";
				SWIFT_EMIT_LOC_STRINGS = YES;
				SWIFT_VERSION = 5.0;
				TARGETED_DEVICE_FAMILY = "1,2";
			};
			name = Release;
		};
/* End XCBuildConfiguration section */

/* Begin XCConfigurationList section */
		92287BB2280ED10B0025E1CA /* Build configuration list for PBXProject "TMS_Diploma_Project_Calculator" */ = {
			isa = XCConfigurationList;
			buildConfigurations = (
				92287BC9280ED10C0025E1CA /* Debug */,
				92287BCA280ED10C0025E1CA /* Release */,
			);
			defaultConfigurationIsVisible = 0;
			defaultConfigurationName = Release;
		};
		92287BCB280ED10C0025E1CA /* Build configuration list for PBXNativeTarget "TMS_Diploma_Project_Calculator" */ = {
			isa = XCConfigurationList;
			buildConfigurations = (
				92287BCC280ED10C0025E1CA /* Debug */,
				92287BCD280ED10C0025E1CA /* Release */,
			);
			defaultConfigurationIsVisible = 0;
			defaultConfigurationName = Release;
		};
/* End XCConfigurationList section */
	};
	rootObject = 92287BAF280ED10B0025E1CA /* Project object */;
}
